
Microsoft Visual Studio Solution File, Format Version 12.00
# Visual Studio Version 17
VisualStudioVersion = 17.3.32811.315
MinimumVisualStudioVersion = 10.0.40219.1
Project("{FAE04EC0-301F-11D3-BF4B-00C04F79EFBC}") = "EmpDemo", "EmpDemo\EmpDemo.csproj", "{8126A875-93AF-4F86-B1A6-DC1CC6CD5159}"
EndProject
Global
	GlobalSection(SolutionConfigurationPlatforms) = preSolution
		Debug|Any CPU = Debug|Any CPU
		Release|Any CPU = Release|Any CPU
	EndGlobalSection
	GlobalSection(ProjectConfigurationPlatforms) = postSolution
		{8126A875-93AF-4F86-B1A6-DC1CC6CD5159}.Debug|Any CPU.ActiveCfg = Debug|Any CPU
		{8126A875-93AF-4F86-B1A6-DC1CC6CD5159}.Debug|Any CPU.Build.0 = Debug|Any CPU
		{8126A875-93AF-4F86-B1A6-DC1CC6CD5159}.Release|Any CPU.ActiveCfg = Release|Any CPU
		{8126A875-93AF-4F86-B1A6-DC1CC6CD5159}.Release|Any CPU.Build.0 = Release|Any CPU
	EndGlobalSection
	GlobalSection(SolutionProperties) = preSolution
		HideSolutionNode = FALSE
	EndGlobalSection
	GlobalSection(ExtensibilityGlobals) = postSolution
		SolutionGuid = {05059AA8-0BEF-4580-B33A-115CF2B041E6}
	EndGlobalSection
EndGlobal
